// !$*UTF8*$!
{
	archiveVersion = 1;
	classes = {
	};
	objectVersion = 50;
	objects = {

/* Begin PBXBuildFile section */
		AA25947F248096C900531B53 /* Term.swift in Sources */ = {isa = PBXBuildFile; fileRef = AA25947E248096C900531B53 /* Term.swift */; };
		AA80AB2C247EE82E001B4A9F /* AppDelegate.swift in Sources */ = {isa = PBXBuildFile; fileRef = AA80AB2B247EE82E001B4A9F /* AppDelegate.swift */; };
		AA80AB2E247EE82E001B4A9F /* SceneDelegate.swift in Sources */ = {isa = PBXBuildFile; fileRef = AA80AB2D247EE82E001B4A9F /* SceneDelegate.swift */; };
		AA80AB33247EE82E001B4A9F /* Main.storyboard in Resources */ = {isa = PBXBuildFile; fileRef = AA80AB31247EE82E001B4A9F /* Main.storyboard */; };
		AA80AB35247EE830001B4A9F /* Assets.xcassets in Resources */ = {isa = PBXBuildFile; fileRef = AA80AB34247EE830001B4A9F /* Assets.xcassets */; };
		AA80AB38247EE831001B4A9F /* LaunchScreen.storyboard in Resources */ = {isa = PBXBuildFile; fileRef = AA80AB36247EE831001B4A9F /* LaunchScreen.storyboard */; };
		AA80AB40247EF36D001B4A9F /* CodeTermTableViewController.swift in Sources */ = {isa = PBXBuildFile; fileRef = AA80AB3F247EF36D001B4A9F /* CodeTermTableViewController.swift */; };
		AA80AB42247F08BA001B4A9F /* CodeViewController.swift in Sources */ = {isa = PBXBuildFile; fileRef = AA80AB41247F08BA001B4A9F /* CodeViewController.swift */; };
/* End PBXBuildFile section */

/* Begin PBXFileReference section */
		AA25947E248096C900531B53 /* Term.swift */ = {isa = PBXFileReference; lastKnownFileType = sourcecode.swift; path = Term.swift; sourceTree = "<group>"; };
		AA80AB28247EE82E001B4A9F /* Code Dictionary.app */ = {isa = PBXFileReference; explicitFileType = wrapper.application; includeInIndex = 0; path = "Code Dictionary.app"; sourceTree = BUILT_PRODUCTS_DIR; };
		AA80AB2B247EE82E001B4A9F /* AppDelegate.swift */ = {isa = PBXFileReference; lastKnownFileType = sourcecode.swift; path = AppDelegate.swift; sourceTree = "<group>"; };
		AA80AB2D247EE82E001B4A9F /* SceneDelegate.swift */ = {isa = PBXFileReference; lastKnownFileType = sourcecode.swift; path = SceneDelegate.swift; sourceTree = "<group>"; };
		AA80AB32247EE82E001B4A9F /* Base */ = {isa = PBXFileReference; lastKnownFileType = file.storyboard; name = Base; path = Base.lproj/Main.storyboard; sourceTree = "<group>"; };
		AA80AB34247EE830001B4A9F /* Assets.xcassets */ = {isa = PBXFileReference; lastKnownFileType = folder.assetcatalog; path = Assets.xcassets; sourceTree = "<group>"; };
		AA80AB37247EE831001B4A9F /* Base */ = {isa = PBXFileReference; lastKnownFileType = file.storyboard; name = Base; path = Base.lproj/LaunchScreen.storyboard; sourceTree = "<group>"; };
		AA80AB39247EE831001B4A9F /* Info.plist */ = {isa = PBXFileReference; lastKnownFileType = text.plist.xml; path = Info.plist; sourceTree = "<group>"; };
		AA80AB3F247EF36D001B4A9F /* CodeTermTableViewController.swift */ = {isa = PBXFileReference; lastKnownFileType = sourcecode.swift; path = CodeTermTableViewController.swift; sourceTree = "<group>"; };
		AA80AB41247F08BA001B4A9F /* CodeViewController.swift */ = {isa = PBXFileReference; lastKnownFileType = sourcecode.swift; path = CodeViewController.swift; sourceTree = "<group>"; };
/* End PBXFileReference section */

/* Begin PBXFrameworksBuildPhase section */
		AA80AB25247EE82E001B4A9F /* Frameworks */ = {
			isa = PBXFrameworksBuildPhase;
			buildActionMask = 2147483647;
			files = (
			);
			runOnlyForDeploymentPostprocessing = 0;
		};
/* End PBXFrameworksBuildPhase section */

/* Begin PBXGroup section */
		AA80AB1F247EE82E001B4A9F = {
			isa = PBXGroup;
			children = (
				AA80AB2A247EE82E001B4A9F /* Code Dictionary */,
				AA80AB29247EE82E001B4A9F /* Products */,
			);
			sourceTree = "<group>";
		};
		AA80AB29247EE82E001B4A9F /* Products */ = {
			isa = PBXGroup;
			children = (
				AA80AB28247EE82E001B4A9F /* Code Dictionary.app */,
			);
			name = Products;
			sourceTree = "<group>";
		};
		AA80AB2A247EE82E001B4A9F /* Code Dictionary */ = {
			isa = PBXGroup;
			children = (
				AA80AB2B247EE82E001B4A9F /* AppDelegate.swift */,
				AA80AB2D247EE82E001B4A9F /* SceneDelegate.swift */,
				AA80AB3F247EF36D001B4A9F /* CodeTermTableViewController.swift */,
				AA25947E248096C900531B53 /* Term.swift */,
				AA80AB41247F08BA001B4A9F /* CodeViewController.swift */,
				AA80AB31247EE82E001B4A9F /* Main.storyboard */,
				AA80AB34247EE830001B4A9F /* Assets.xcassets */,
				AA80AB36247EE831001B4A9F /* LaunchScreen.storyboard */,
				AA80AB39247EE831001B4A9F /* Info.plist */,
			);
			path = "Code Dictionary";
			sourceTree = "<group>";
		};
/* End PBXGroup section */

/* Begin PBXNativeTarget section */
		AA80AB27247EE82E001B4A9F /* Code Dictionary */ = {
			isa = PBXNativeTarget;
			buildConfigurationList = AA80AB3C247EE831001B4A9F /* Build configuration list for PBXNativeTarget "Code Dictionary" */;
			buildPhases = (
				AA80AB24247EE82E001B4A9F /* Sources */,
				AA80AB25247EE82E001B4A9F /* Frameworks */,
				AA80AB26247EE82E001B4A9F /* Resources */,
			);
			buildRules = (
			);
			dependencies = (
			);
			name = "Code Dictionary";
			productName = "Code Dictionary";
			productReference = AA80AB28247EE82E001B4A9F /* Code Dictionary.app */;
			productType = "com.apple.product-type.application";
		};
/* End PBXNativeTarget section */

/* Begin PBXProject section */
		AA80AB20247EE82E001B4A9F /* Project object */ = {
			isa = PBXProject;
			attributes = {
				LastSwiftUpdateCheck = 1150;
				LastUpgradeCheck = 1150;
				ORGANIZATIONNAME = "Luke Martin-Resnick";
				TargetAttributes = {
					AA80AB27247EE82E001B4A9F = {
						CreatedOnToolsVersion = 11.5;
					};
				};
			};
			buildConfigurationList = AA80AB23247EE82E001B4A9F /* Build configuration list for PBXProject "Code Dictionary" */;
			compatibilityVersion = "Xcode 9.3";
			developmentRegion = en;
			hasScannedForEncodings = 0;
			knownRegions = (
				en,
				Base,
			);
			mainGroup = AA80AB1F247EE82E001B4A9F;
			productRefGroup = AA80AB29247EE82E001B4A9F /* Products */;
			projectDirPath = "";
			projectRoot = "";
			targets = (
				AA80AB27247EE82E001B4A9F /* Code Dictionary */,
			);
		};
/* End PBXProject section */

/* Begin PBXResourcesBuildPhase section */
		AA80AB26247EE82E001B4A9F /* Resources */ = {
			isa = PBXResourcesBuildPhase;
			buildActionMask = 2147483647;
			files = (
				AA80AB38247EE831001B4A9F /* LaunchScreen.storyboard in Resources */,
				AA80AB35247EE830001B4A9F /* Assets.xcassets in Resources */,
				AA80AB33247EE82E001B4A9F /* Main.storyboard in Resources */,
			);
			runOnlyForDeploymentPostprocessing = 0;
		};
/* End PBXResourcesBuildPhase section */

/* Begin PBXSourcesBuildPhase section */
		AA80AB24247EE82E001B4A9F /* Sources */ = {
			isa = PBXSourcesBuildPhase;
			buildActionMask = 2147483647;
			files = (
				AA80AB40247EF36D001B4A9F /* CodeTermTableViewController.swift in Sources */,
				AA80AB42247F08BA001B4A9F /* CodeViewController.swift in Sources */,
				AA25947F248096C900531B53 /* Term.swift in Sources */,
				AA80AB2C247EE82E001B4A9F /* AppDelegate.swift in Sources */,
				AA80AB2E247EE82E001B4A9F /* SceneDelegate.swift in Sources */,
			);
			runOnlyForDeploymentPostprocessing = 0;
		};
/* End PBXSourcesBuildPhase section */

/* Begin PBXVariantGroup section */
		AA80AB31247EE82E001B4A9F /* Main.storyboard */ = {
			isa = PBXVariantGroup;
			children = (
				AA80AB32247EE82E001B4A9F /* Base */,
			);
			name = Main.storyboard;
			sourceTree = "<group>";
		};
		AA80AB36247EE831001B4A9F /* LaunchScreen.storyboard */ = {
			isa = PBXVariantGroup;
			children = (
				AA80AB37247EE831001B4A9F /* Base */,
			);
			name = LaunchScreen.storyboard;
			sourceTree = "<group>";
		};
/* End PBXVariantGroup section */

/* Begin XCBuildConfiguration section */
		AA80AB3A247EE831001B4A9F /* Debug */ = {
			isa = XCBuildConfiguration;
			buildSettings = {
				ALWAYS_SEARCH_USER_PATHS = NO;
				CLANG_ANALYZER_NONNULL = YES;
				CLANG_ANALYZER_NUMBER_OBJECT_CONVERSION = YES_AGGRESSIVE;
				CLANG_CXX_LANGUAGE_STANDARD = "gnu++14";
				CLANG_CXX_LIBRARY = "libc++";
				CLANG_ENABLE_MODULES = YES;
				CLANG_ENABLE_OBJC_ARC = YES;
				CLANG_ENABLE_OBJC_WEAK = YES;
				CLANG_WARN_BLOCK_CAPTURE_AUTORELEASING = YES;
				CLANG_WARN_BOOL_CONVERSION = YES;
				CLANG_WARN_COMMA = YES;
				CLANG_WARN_CONSTANT_CONVERSION = YES;
				CLANG_WARN_DEPRECATED_OBJC_IMPLEMENTATIONS = YES;
				CLANG_WARN_DIRECT_OBJC_ISA_USAGE = YES_ERROR;
				CLANG_WARN_DOCUMENTATION_COMMENTS = YES;
				CLANG_WARN_EMPTY_BODY = YES;
				CLANG_WARN_ENUM_CONVERSION = YES;
				CLANG_WARN_INFINITE_RECURSION = YES;
				CLANG_WARN_INT_CONVERSION = YES;
				CLANG_WARN_NON_LITERAL_NULL_CONVERSION = YES;
				CLANG_WARN_OBJC_IMPLICIT_RETAIN_SELF = YES;
				CLANG_WARN_OBJC_LITERAL_CONVERSION = YES;
				CLANG_WARN_OBJC_ROOT_CLASS = YES_ERROR;
				CLANG_WARN_RANGE_LOOP_ANALYSIS = YES;
				CLANG_WARN_STRICT_PROTOTYPES = YES;
				CLANG_WARN_SUSPICIOUS_MOVE = YES;
				CLANG_WARN_UNGUARDED_AVAILABILITY = YES_AGGRESSIVE;
				CLANG_WARN_UNREACHABLE_CODE = YES;
				CLANG_WARN__DUPLICATE_METHOD_MATCH = YES;
				COPY_PHASE_STRIP = NO;
				DEBUG_INFORMATION_FORMAT = dwarf;
				ENABLE_STRICT_OBJC_MSGSEND = YES;
				ENABLE_TESTABILITY = YES;
				GCC_C_LANGUAGE_STANDARD = gnu11;
				GCC_DYNAMIC_NO_PIC = NO;
				GCC_NO_COMMON_BLOCKS = YES;
				GCC_OPTIMIZATION_LEVEL = 0;
				GCC_PREPROCESSOR_DEFINITIONS = (
					"DEBUG=1",
					"$(inherited)",
				);
				GCC_WARN_64_TO_32_BIT_CONVERSION = YES;
				GCC_WARN_ABOUT_RETURN_TYPE = YES_ERROR;
				GCC_WARN_UNDECLARED_SELECTOR = YES;
				GCC_WARN_UNINITIALIZED_AUTOS = YES_AGGRESSIVE;
				GCC_WARN_UNUSED_FUNCTION = YES;
				GCC_WARN_UNUSED_VARIABLE = YES;
				IPHONEOS_DEPLOYMENT_TARGET = 13.5;
				MTL_ENABLE_DEBUG_INFO = INCLUDE_SOURCE;
				MTL_FAST_MATH = YES;
				ONLY_ACTIVE_ARCH = YES;
				SDKROOT = iphoneos;
				SWIFT_ACTIVE_COMPILATION_CONDITIONS = DEBUG;
				SWIFT_OPTIMIZATION_LEVEL = "-Onone";
			};
			name = Debug;
		};
		AA80AB3B247EE831001B4A9F /* Release */ = {
			isa = XCBuildConfiguration;
			buildSettings = {
				ALWAYS_SEARCH_USER_PATHS = NO;
				CLANG_ANALYZER_NONNULL = YES;
				CLANG_ANALYZER_NUMBER_OBJECT_CONVERSION = YES_AGGRESSIVE;
				CLANG_CXX_LANGUAGE_STANDARD = "gnu++14";
				CLANG_CXX_LIBRARY = "libc++";
				CLANG_ENABLE_MODULES = YES;
				CLANG_ENABLE_OBJC_ARC = YES;
				CLANG_ENABLE_OBJC_WEAK = YES;
				CLANG_WARN_BLOCK_CAPTURE_AUTORELEASING = YES;
				CLANG_WARN_BOOL_CONVERSION = YES;
				CLANG_WARN_COMMA = YES;
				CLANG_WARN_CONSTANT_CONVERSION = YES;
				CLANG_WARN_DEPRECATED_OBJC_IMPLEMENTATIONS = YES;
				CLANG_WARN_DIRECT_OBJC_ISA_USAGE = YES_ERROR;
				CLANG_WARN_DOCUMENTATION_COMMENTS = YES;
				CLANG_WARN_EMPTY_BODY = YES;
				CLANG_WARN_ENUM_CONVERSION = YES;
				CLANG_WARN_INFINITE_RECURSION = YES;
				CLANG_WARN_INT_CONVERSION = YES;
				CLANG_WARN_NON_LITERAL_NULL_CONVERSION = YES;
				CLANG_WARN_OBJC_IMPLICIT_RETAIN_SELF = YES;
				CLANG_WARN_OBJC_LITERAL_CONVERSION = YES;
				CLANG_WARN_OBJC_ROOT_CLASS = YES_ERROR;
				CLANG_WARN_RANGE_LOOP_ANALYSIS = YES;
				CLANG_WARN_STRICT_PROTOTYPES = YES;
				CLANG_WARN_SUSPICIOUS_MOVE = YES;
				CLANG_WARN_UNGUARDED_AVAILABILITY = YES_AGGRESSIVE;
				CLANG_WARN_UNREACHABLE_CODE = YES;
				CLANG_WARN__DUPLICATE_METHOD_MATCH = YES;
				COPY_PHASE_STRIP = NO;
				DEBUG_INFORMATION_FORMAT = "dwarf-with-dsym";
				ENABLE_NS_ASSERTIONS = NO;
				ENABLE_STRICT_OBJC_MSGSEND = YES;
				GCC_C_LANGUAGE_STANDARD = gnu11;
				GCC_NO_COMMON_BLOCKS = YES;
				GCC_WARN_64_TO_32_BIT_CONVERSION = YES;
				GCC_WARN_ABOUT_RETURN_TYPE = YES_ERROR;
				GCC_WARN_UNDECLARED_SELECTOR = YES;
				GCC_WARN_UNINITIALIZED_AUTOS = YES_AGGRESSIVE;
				GCC_WARN_UNUSED_FUNCTION = YES;
				GCC_WARN_UNUSED_VARIABLE = YES;
				IPHONEOS_DEPLOYMENT_TARGET = 13.5;
				MTL_ENABLE_DEBUG_INFO = NO;
				MTL_FAST_MATH = YES;
				SDKROOT = iphoneos;
				SWIFT_COMPILATION_MODE = wholemodule;
				SWIFT_OPTIMIZATION_LEVEL = "-O";
				VALIDATE_PRODUCT = YES;
			};
			name = Release;
		};
		AA80AB3D247EE831001B4A9F /* Debug */ = {
			isa = XCBuildConfiguration;
			buildSettings = {
				ASSETCATALOG_COMPILER_APPICON_NAME = AppIcon;
				CODE_SIGN_STYLE = Automatic;
				INFOPLIST_FILE = "Code Dictionary/Info.plist";
				LD_RUNPATH_SEARCH_PATHS = (
					"$(inherited)",
					"@executable_path/Frameworks",
				);
				PRODUCT_BUNDLE_IDENTIFIER = "LMR.Code-Dictionary";
				PRODUCT_NAME = "$(TARGET_NAME)";
				SWIFT_VERSION = 5.0;
				TARGETED_DEVICE_FAMILY = "1,2";
			};
			name = Debug;
		};
		AA80AB3E247EE831001B4A9F /* Release */ = {
			isa = XCBuildConfiguration;
			buildSettings = {
				ASSETCATALOG_COMPILER_APPICON_NAME = AppIcon;
				CODE_SIGN_STYLE = Automatic;
				INFOPLIST_FILE = "Code Dictionary/Info.plist";
				LD_RUNPATH_SEARCH_PATHS = (
					"$(inherited)",
					"@executable_path/Frameworks",
				);
				PRODUCT_BUNDLE_IDENTIFIER = "LMR.Code-Dictionary";
				PRODUCT_NAME = "$(TARGET_NAME)";
				SWIFT_VERSION = 5.0;
				TARGETED_DEVICE_FAMILY = "1,2";
			};
			name = Release;
		};
/* End XCBuildConfiguration section */

/* Begin XCConfigurationList section */
		AA80AB23247EE82E001B4A9F /* Build configuration list for PBXProject "Code Dictionary" */ = {
			isa = XCConfigurationList;
			buildConfigurations = (
				AA80AB3A247EE831001B4A9F /* Debug */,
				AA80AB3B247EE831001B4A9F /* Release */,
			);
			defaultConfigurationIsVisible = 0;
			defaultConfigurationName = Release;
		};
		AA80AB3C247EE831001B4A9F /* Build configuration list for PBXNativeTarget "Code Dictionary" */ = {
			isa = XCConfigurationList;
			buildConfigurations = (
				AA80AB3D247EE831001B4A9F /* Debug */,
				AA80AB3E247EE831001B4A9F /* Release */,
			);
			defaultConfigurationIsVisible = 0;
			defaultConfigurationName = Release;
		};
/* End XCConfigurationList section */
	};
	rootObject = AA80AB20247EE82E001B4A9F /* Project object */;
}
